{
  "version": 4,
  "terraform_version": "1.11.0",
  "serial": 20,
  "lineage": "d85b9124-339d-20b5-3cac-c68de3230476",
  "outputs": {},
  "resources": [
    {
      "mode": "managed",
      "type": "huaweicloud_as_configuration",
      "name": "asg_config_new",
      "provider": "provider[\"registry.terraform.io/huaweicloud/huaweicloud\"]",
      "instances": [
        {
          "schema_version": 0,
          "attributes": {
            "id": "9b55cd53-91b0-4ff8-b88a-cc232ea5fdf6",
            "instance_config": [
              {
                "admin_pass": "",
                "charging_mode": "postPaid",
                "dedicated_host_id": "",
                "disk": [
                  {
                    "data_disk_image_id": "",
                    "dedicated_storage_id": "",
                    "disk_type": "SYS",
                    "iops": 0,
                    "kms_id": "",
                    "size": 40,
                    "snapshot_id": "",
                    "throughput": 0,
                    "volume_type": "SAS"
                  }
                ],
                "ecs_group_id": "",
                "flavor": "s6.small.1",
                "flavor_priority_policy": "PICK_FIRST",
                "image": "9021460a-daaf-4078-b4b8-91db32440f24",
                "instance_id": "",
                "key_name": "KeyPair-fah",
                "metadata": {},
                "personality": [],
                "public_ip": [],
                "security_group_ids": [
                  "3eb94c45-4f06-43b4-9b02-ba9edbfb8851"
                ],
                "tenancy": "",
                "user_data": ""
              }
            ],
            "region": "ap-southeast-2",
            "scaling_configuration_name": "asg_config_v1",
            "status": "Bound"
          },
          "sensitive_attributes": [
            [
              {
                "type": "get_attr",
                "value": "instance_config"
              },
              {
                "type": "index",
                "value": {
                  "value": 0,
                  "type": "number"
                }
              },
              {
                "type": "get_attr",
                "value": "admin_pass"
              }
            ]
          ],
          "private": "bnVsbA==",
          "create_before_destroy": true
        }
      ]
    },
    {
      "mode": "managed",
      "type": "huaweicloud_as_group",
      "name": "asg_group",
      "provider": "provider[\"registry.terraform.io/huaweicloud/huaweicloud\"]",
      "instances": [
        {
          "schema_version": 0,
          "attributes": {
            "agency_name": "",
            "availability_zones": [
              "ap-southeast-2a",
              "ap-southeast-2c",
              "ap-southeast-2b"
            ],
            "available_zones": null,
            "cool_down_time": 300,
            "current_instance_number": 2,
            "delete_instances": "no",
            "delete_publicip": false,
            "delete_volume": true,
            "description": "",
            "desire_instance_number": 2,
            "enable": true,
            "enterprise_project_id": "0",
            "force_delete": null,
            "health_periodic_audit_grace_period": 600,
            "health_periodic_audit_method": "NOVA_AUDIT",
            "health_periodic_audit_time": 5,
            "id": "5e0872f0-75ba-46b9-9c8b-5feefe392662",
            "instance_terminate_policy": "OLD_CONFIG_OLD_INSTANCE",
            "instances": [
              "82ef36f9-facb-4e1f-9c5c-fdb48e12d91b",
              "5f5f57e7-edbc-4661-b62b-b9c52d2daedb"
            ],
            "lb_listener_id": "",
            "lbaas_listeners": [],
            "max_instance_number": 3,
            "min_instance_number": 1,
            "multi_az_scaling_policy": "EQUILIBRIUM_DISTRIBUTE",
            "networks": [
              {
                "id": "15f824ec-514b-4c86-895c-9db12180482c",
                "ipv6_bandwidth_id": "",
                "ipv6_enable": false,
                "source_dest_check": true
              }
            ],
            "notifications": [],
            "region": "ap-southeast-2",
            "scaling_configuration_id": "9b55cd53-91b0-4ff8-b88a-cc232ea5fdf6",
            "scaling_group_name": "asg_group",
            "security_groups": [],
            "status": "INSERVICE",
            "tags": {},
            "timeouts": null,
            "vpc_id": "41d7ce64-0158-4ad5-b487-5aca02fbd0a7"
          },
          "sensitive_attributes": [],
          "private": "eyJlMmJmYjczMC1lY2FhLTExZTYtOGY4OC0zNDM2M2JjN2M0YzAiOnsiY3JlYXRlIjo2MDAwMDAwMDAwMDAsImRlbGV0ZSI6NjAwMDAwMDAwMDAwfX0=",
          "dependencies": [
            "huaweicloud_as_configuration.asg_config_new"
          ],
          "create_before_destroy": true
        }
      ]
    }
  ],
  "check_results": null
}
